// !$*UTF8*$!
{
	archiveVersion = 1;
	classes = {
	};
	objectVersion = 50;
	objects = {

/* Begin PBXBuildFile section */
		345E5CD02252CCBA00AAC6A1 /* AvatarHashView.swift in Sources */ = {isa = PBXBuildFile; fileRef = 345E5CCF2252CCBA00AAC6A1 /* AvatarHashView.swift */; };
		345E5CE02252CCF700AAC6A1 /* libAvatarHashView.a in Frameworks */ = {isa = PBXBuildFile; fileRef = 345E5CCC2252CCBA00AAC6A1 /* libAvatarHashView.a */; };
		345E5CEA2252CDCE00AAC6A1 /* Crypto.swift in Sources */ = {isa = PBXBuildFile; fileRef = 345E5CE92252CDCE00AAC6A1 /* Crypto.swift */; };
		345E5CEC2252CDDD00AAC6A1 /* Colors.swift in Sources */ = {isa = PBXBuildFile; fileRef = 345E5CEB2252CDDD00AAC6A1 /* Colors.swift */; };
		345E5CEE2252CE6000AAC6A1 /* CryptoTests.swift in Sources */ = {isa = PBXBuildFile; fileRef = 345E5CED2252CE6000AAC6A1 /* CryptoTests.swift */; };
		345E5CF62252D02A00AAC6A1 /* AppDelegate.swift in Sources */ = {isa = PBXBuildFile; fileRef = 345E5CF52252D02A00AAC6A1 /* AppDelegate.swift */; };
		345E5CF82252D02A00AAC6A1 /* ListAvatarsViewController.swift in Sources */ = {isa = PBXBuildFile; fileRef = 345E5CF72252D02A00AAC6A1 /* ListAvatarsViewController.swift */; };
		345E5CFB2252D02A00AAC6A1 /* Main.storyboard in Resources */ = {isa = PBXBuildFile; fileRef = 345E5CF92252D02A00AAC6A1 /* Main.storyboard */; };
		345E5CFD2252D02C00AAC6A1 /* Assets.xcassets in Resources */ = {isa = PBXBuildFile; fileRef = 345E5CFC2252D02C00AAC6A1 /* Assets.xcassets */; };
		345E5D002252D02C00AAC6A1 /* LaunchScreen.storyboard in Resources */ = {isa = PBXBuildFile; fileRef = 345E5CFE2252D02C00AAC6A1 /* LaunchScreen.storyboard */; };
		345E5D062252D0E000AAC6A1 /* ExampleCell.swift in Sources */ = {isa = PBXBuildFile; fileRef = 345E5D052252D0E000AAC6A1 /* ExampleCell.swift */; };
		345E5D082252D23400AAC6A1 /* libAvatarHashView.a in Frameworks */ = {isa = PBXBuildFile; fileRef = 345E5CCC2252CCBA00AAC6A1 /* libAvatarHashView.a */; };
		345E5D0A225398EF00AAC6A1 /* Functional.swift in Sources */ = {isa = PBXBuildFile; fileRef = 345E5D09225398EF00AAC6A1 /* Functional.swift */; };
		3482B2BB2258FB930072FD02 /* AvatarDetailViewController.swift in Sources */ = {isa = PBXBuildFile; fileRef = 3482B2BA2258FB930072FD02 /* AvatarDetailViewController.swift */; };
/* End PBXBuildFile section */

/* Begin PBXContainerItemProxy section */
		345E5CE12252CCF700AAC6A1 /* PBXContainerItemProxy */ = {
			isa = PBXContainerItemProxy;
			containerPortal = 345E5CC42252CCBA00AAC6A1 /* Project object */;
			proxyType = 1;
			remoteGlobalIDString = 345E5CCB2252CCBA00AAC6A1;
			remoteInfo = AvatarHashView;
		};
/* End PBXContainerItemProxy section */

/* Begin PBXCopyFilesBuildPhase section */
		345E5CCA2252CCBA00AAC6A1 /* CopyFiles */ = {
			isa = PBXCopyFilesBuildPhase;
			buildActionMask = 2147483647;
			dstPath = "include/$(PRODUCT_NAME)";
			dstSubfolderSpec = 16;
			files = (
			);
			runOnlyForDeploymentPostprocessing = 0;
		};
/* End PBXCopyFilesBuildPhase section */

/* Begin PBXFileReference section */
		345E5CCC2252CCBA00AAC6A1 /* libAvatarHashView.a */ = {isa = PBXFileReference; explicitFileType = archive.ar; includeInIndex = 0; path = libAvatarHashView.a; sourceTree = BUILT_PRODUCTS_DIR; };
		345E5CCF2252CCBA00AAC6A1 /* AvatarHashView.swift */ = {isa = PBXFileReference; lastKnownFileType = sourcecode.swift; path = AvatarHashView.swift; sourceTree = "<group>"; };
		345E5CDB2252CCF700AAC6A1 /* Tests.xctest */ = {isa = PBXFileReference; explicitFileType = wrapper.cfbundle; includeInIndex = 0; path = Tests.xctest; sourceTree = BUILT_PRODUCTS_DIR; };
		345E5CDF2252CCF700AAC6A1 /* Info.plist */ = {isa = PBXFileReference; lastKnownFileType = text.plist.xml; path = Info.plist; sourceTree = "<group>"; };
		345E5CE92252CDCE00AAC6A1 /* Crypto.swift */ = {isa = PBXFileReference; lastKnownFileType = sourcecode.swift; path = Crypto.swift; sourceTree = "<group>"; };
		345E5CEB2252CDDD00AAC6A1 /* Colors.swift */ = {isa = PBXFileReference; lastKnownFileType = sourcecode.swift; path = Colors.swift; sourceTree = "<group>"; };
		345E5CED2252CE6000AAC6A1 /* CryptoTests.swift */ = {isa = PBXFileReference; lastKnownFileType = sourcecode.swift; path = CryptoTests.swift; sourceTree = "<group>"; };
		345E5CF32252D02A00AAC6A1 /* Example.app */ = {isa = PBXFileReference; explicitFileType = wrapper.application; includeInIndex = 0; path = Example.app; sourceTree = BUILT_PRODUCTS_DIR; };
		345E5CF52252D02A00AAC6A1 /* AppDelegate.swift */ = {isa = PBXFileReference; lastKnownFileType = sourcecode.swift; path = AppDelegate.swift; sourceTree = "<group>"; };
		345E5CF72252D02A00AAC6A1 /* ListAvatarsViewController.swift */ = {isa = PBXFileReference; lastKnownFileType = sourcecode.swift; path = ListAvatarsViewController.swift; sourceTree = "<group>"; };
		345E5CFA2252D02A00AAC6A1 /* Base */ = {isa = PBXFileReference; lastKnownFileType = file.storyboard; name = Base; path = Base.lproj/Main.storyboard; sourceTree = "<group>"; };
		345E5CFC2252D02C00AAC6A1 /* Assets.xcassets */ = {isa = PBXFileReference; lastKnownFileType = folder.assetcatalog; path = Assets.xcassets; sourceTree = "<group>"; };
		345E5CFF2252D02C00AAC6A1 /* Base */ = {isa = PBXFileReference; lastKnownFileType = file.storyboard; name = Base; path = Base.lproj/LaunchScreen.storyboard; sourceTree = "<group>"; };
		345E5D012252D02C00AAC6A1 /* Info.plist */ = {isa = PBXFileReference; lastKnownFileType = text.plist.xml; path = Info.plist; sourceTree = "<group>"; };
		345E5D052252D0E000AAC6A1 /* ExampleCell.swift */ = {isa = PBXFileReference; lastKnownFileType = sourcecode.swift; path = ExampleCell.swift; sourceTree = "<group>"; };
		345E5D09225398EF00AAC6A1 /* Functional.swift */ = {isa = PBXFileReference; lastKnownFileType = sourcecode.swift; path = Functional.swift; sourceTree = "<group>"; };
		3482B2BA2258FB930072FD02 /* AvatarDetailViewController.swift */ = {isa = PBXFileReference; lastKnownFileType = sourcecode.swift; path = AvatarDetailViewController.swift; sourceTree = "<group>"; };
/* End PBXFileReference section */

/* Begin PBXFrameworksBuildPhase section */
		345E5CC92252CCBA00AAC6A1 /* Frameworks */ = {
			isa = PBXFrameworksBuildPhase;
			buildActionMask = 2147483647;
			files = (
			);
			runOnlyForDeploymentPostprocessing = 0;
		};
		345E5CD82252CCF700AAC6A1 /* Frameworks */ = {
			isa = PBXFrameworksBuildPhase;
			buildActionMask = 2147483647;
			files = (
				345E5CE02252CCF700AAC6A1 /* libAvatarHashView.a in Frameworks */,
			);
			runOnlyForDeploymentPostprocessing = 0;
		};
		345E5CF02252D02A00AAC6A1 /* Frameworks */ = {
			isa = PBXFrameworksBuildPhase;
			buildActionMask = 2147483647;
			files = (
				345E5D082252D23400AAC6A1 /* libAvatarHashView.a in Frameworks */,
			);
			runOnlyForDeploymentPostprocessing = 0;
		};
/* End PBXFrameworksBuildPhase section */

/* Begin PBXGroup section */
		345E5CC32252CCBA00AAC6A1 = {
			isa = PBXGroup;
			children = (
				345E5CD62252CCC300AAC6A1 /* Sources */,
				345E5CDC2252CCF700AAC6A1 /* Tests */,
				345E5CF42252D02A00AAC6A1 /* Example */,
				345E5CCD2252CCBA00AAC6A1 /* Products */,
				345E5D072252D23400AAC6A1 /* Frameworks */,
			);
			sourceTree = "<group>";
		};
		345E5CCD2252CCBA00AAC6A1 /* Products */ = {
			isa = PBXGroup;
			children = (
				345E5CCC2252CCBA00AAC6A1 /* libAvatarHashView.a */,
				345E5CDB2252CCF700AAC6A1 /* Tests.xctest */,
				345E5CF32252D02A00AAC6A1 /* Example.app */,
			);
			name = Products;
			sourceTree = "<group>";
		};
		345E5CD62252CCC300AAC6A1 /* Sources */ = {
			isa = PBXGroup;
			children = (
				345E5CE62252CDB700AAC6A1 /* Core */,
				345E5CCF2252CCBA00AAC6A1 /* AvatarHashView.swift */,
			);
			path = Sources;
			sourceTree = "<group>";
		};
		345E5CDC2252CCF700AAC6A1 /* Tests */ = {
			isa = PBXGroup;
			children = (
				345E5CDF2252CCF700AAC6A1 /* Info.plist */,
				345E5CED2252CE6000AAC6A1 /* CryptoTests.swift */,
			);
			path = Tests;
			sourceTree = "<group>";
		};
		345E5CE62252CDB700AAC6A1 /* Core */ = {
			isa = PBXGroup;
			children = (
				345E5CE92252CDCE00AAC6A1 /* Crypto.swift */,
				345E5CEB2252CDDD00AAC6A1 /* Colors.swift */,
				345E5D09225398EF00AAC6A1 /* Functional.swift */,
			);
			path = Core;
			sourceTree = "<group>";
		};
		345E5CF42252D02A00AAC6A1 /* Example */ = {
			isa = PBXGroup;
			children = (
				345E5CF52252D02A00AAC6A1 /* AppDelegate.swift */,
				345E5CF72252D02A00AAC6A1 /* ListAvatarsViewController.swift */,
				345E5CF92252D02A00AAC6A1 /* Main.storyboard */,
				345E5CFC2252D02C00AAC6A1 /* Assets.xcassets */,
				345E5CFE2252D02C00AAC6A1 /* LaunchScreen.storyboard */,
				345E5D012252D02C00AAC6A1 /* Info.plist */,
				345E5D052252D0E000AAC6A1 /* ExampleCell.swift */,
				3482B2BA2258FB930072FD02 /* AvatarDetailViewController.swift */,
			);
			path = Example;
			sourceTree = "<group>";
		};
		345E5D072252D23400AAC6A1 /* Frameworks */ = {
			isa = PBXGroup;
			children = (
			);
			name = Frameworks;
			sourceTree = "<group>";
		};
/* End PBXGroup section */

/* Begin PBXNativeTarget section */
		345E5CCB2252CCBA00AAC6A1 /* AvatarHashView */ = {
			isa = PBXNativeTarget;
			buildConfigurationList = 345E5CD32252CCBA00AAC6A1 /* Build configuration list for PBXNativeTarget "AvatarHashView" */;
			buildPhases = (
				345E5CC82252CCBA00AAC6A1 /* Sources */,
				345E5CC92252CCBA00AAC6A1 /* Frameworks */,
				345E5CCA2252CCBA00AAC6A1 /* CopyFiles */,
			);
			buildRules = (
			);
			dependencies = (
			);
			name = AvatarHashView;
			productName = AvatarHashView;
			productReference = 345E5CCC2252CCBA00AAC6A1 /* libAvatarHashView.a */;
			productType = "com.apple.product-type.library.static";
		};
		345E5CDA2252CCF700AAC6A1 /* Tests */ = {
			isa = PBXNativeTarget;
			buildConfigurationList = 345E5CE32252CCF700AAC6A1 /* Build configuration list for PBXNativeTarget "Tests" */;
			buildPhases = (
				345E5CD72252CCF700AAC6A1 /* Sources */,
				345E5CD82252CCF700AAC6A1 /* Frameworks */,
				345E5CD92252CCF700AAC6A1 /* Resources */,
			);
			buildRules = (
			);
			dependencies = (
				345E5CE22252CCF700AAC6A1 /* PBXTargetDependency */,
			);
			name = Tests;
			productName = Tests;
			productReference = 345E5CDB2252CCF700AAC6A1 /* Tests.xctest */;
			productType = "com.apple.product-type.bundle.unit-test";
		};
		345E5CF22252D02A00AAC6A1 /* Example */ = {
			isa = PBXNativeTarget;
			buildConfigurationList = 345E5D022252D02C00AAC6A1 /* Build configuration list for PBXNativeTarget "Example" */;
			buildPhases = (
				345E5CEF2252D02A00AAC6A1 /* Sources */,
				345E5CF02252D02A00AAC6A1 /* Frameworks */,
				345E5CF12252D02A00AAC6A1 /* Resources */,
			);
			buildRules = (
			);
			dependencies = (
			);
			name = Example;
			productName = Example;
			productReference = 345E5CF32252D02A00AAC6A1 /* Example.app */;
			productType = "com.apple.product-type.application";
		};
/* End PBXNativeTarget section */

/* Begin PBXProject section */
		345E5CC42252CCBA00AAC6A1 /* Project object */ = {
			isa = PBXProject;
			attributes = {
				LastSwiftUpdateCheck = 1010;
				LastUpgradeCheck = 1010;
				ORGANIZATIONNAME = Impulse;
				TargetAttributes = {
					345E5CCB2252CCBA00AAC6A1 = {
						CreatedOnToolsVersion = 10.1;
					};
					345E5CDA2252CCF700AAC6A1 = {
						CreatedOnToolsVersion = 10.1;
					};
					345E5CF22252D02A00AAC6A1 = {
						CreatedOnToolsVersion = 10.1;
					};
				};
			};
			buildConfigurationList = 345E5CC72252CCBA00AAC6A1 /* Build configuration list for PBXProject "AvatarHashView" */;
			compatibilityVersion = "Xcode 9.3";
			developmentRegion = en;
			hasScannedForEncodings = 0;
			knownRegions = (
				en,
				Base,
			);
			mainGroup = 345E5CC32252CCBA00AAC6A1;
			productRefGroup = 345E5CCD2252CCBA00AAC6A1 /* Products */;
			projectDirPath = "";
			projectRoot = "";
			targets = (
				345E5CCB2252CCBA00AAC6A1 /* AvatarHashView */,
				345E5CDA2252CCF700AAC6A1 /* Tests */,
				345E5CF22252D02A00AAC6A1 /* Example */,
			);
		};
/* End PBXProject section */

/* Begin PBXResourcesBuildPhase section */
		345E5CD92252CCF700AAC6A1 /* Resources */ = {
			isa = PBXResourcesBuildPhase;
			buildActionMask = 2147483647;
			files = (
			);
			runOnlyForDeploymentPostprocessing = 0;
		};
		345E5CF12252D02A00AAC6A1 /* Resources */ = {
			isa = PBXResourcesBuildPhase;
			buildActionMask = 2147483647;
			files = (
				345E5D002252D02C00AAC6A1 /* LaunchScreen.storyboard in Resources */,
				345E5CFD2252D02C00AAC6A1 /* Assets.xcassets in Resources */,
				345E5CFB2252D02A00AAC6A1 /* Main.storyboard in Resources */,
			);
			runOnlyForDeploymentPostprocessing = 0;
		};
/* End PBXResourcesBuildPhase section */

/* Begin PBXSourcesBuildPhase section */
		345E5CC82252CCBA00AAC6A1 /* Sources */ = {
			isa = PBXSourcesBuildPhase;
			buildActionMask = 2147483647;
			files = (
				345E5CEA2252CDCE00AAC6A1 /* Crypto.swift in Sources */,
				345E5CEC2252CDDD00AAC6A1 /* Colors.swift in Sources */,
				345E5D0A225398EF00AAC6A1 /* Functional.swift in Sources */,
				345E5CD02252CCBA00AAC6A1 /* AvatarHashView.swift in Sources */,
			);
			runOnlyForDeploymentPostprocessing = 0;
		};
		345E5CD72252CCF700AAC6A1 /* Sources */ = {
			isa = PBXSourcesBuildPhase;
			buildActionMask = 2147483647;
			files = (
				345E5CEE2252CE6000AAC6A1 /* CryptoTests.swift in Sources */,
			);
			runOnlyForDeploymentPostprocessing = 0;
		};
		345E5CEF2252D02A00AAC6A1 /* Sources */ = {
			isa = PBXSourcesBuildPhase;
			buildActionMask = 2147483647;
			files = (
				3482B2BB2258FB930072FD02 /* AvatarDetailViewController.swift in Sources */,
				345E5D062252D0E000AAC6A1 /* ExampleCell.swift in Sources */,
				345E5CF82252D02A00AAC6A1 /* ListAvatarsViewController.swift in Sources */,
				345E5CF62252D02A00AAC6A1 /* AppDelegate.swift in Sources */,
			);
			runOnlyForDeploymentPostprocessing = 0;
		};
/* End PBXSourcesBuildPhase section */

/* Begin PBXTargetDependency section */
		345E5CE22252CCF700AAC6A1 /* PBXTargetDependency */ = {
			isa = PBXTargetDependency;
			target = 345E5CCB2252CCBA00AAC6A1 /* AvatarHashView */;
			targetProxy = 345E5CE12252CCF700AAC6A1 /* PBXContainerItemProxy */;
		};
/* End PBXTargetDependency section */

/* Begin PBXVariantGroup section */
		345E5CF92252D02A00AAC6A1 /* Main.storyboard */ = {
			isa = PBXVariantGroup;
			children = (
				345E5CFA2252D02A00AAC6A1 /* Base */,
			);
			name = Main.storyboard;
			sourceTree = "<group>";
		};
		345E5CFE2252D02C00AAC6A1 /* LaunchScreen.storyboard */ = {
			isa = PBXVariantGroup;
			children = (
				345E5CFF2252D02C00AAC6A1 /* Base */,
			);
			name = LaunchScreen.storyboard;
			sourceTree = "<group>";
		};
/* End PBXVariantGroup section */

/* Begin XCBuildConfiguration section */
		345E5CD12252CCBA00AAC6A1 /* Debug */ = {
			isa = XCBuildConfiguration;
			buildSettings = {
				ALWAYS_SEARCH_USER_PATHS = NO;
				CLANG_ANALYZER_NONNULL = YES;
				CLANG_ANALYZER_NUMBER_OBJECT_CONVERSION = YES_AGGRESSIVE;
				CLANG_CXX_LANGUAGE_STANDARD = "gnu++14";
				CLANG_CXX_LIBRARY = "libc++";
				CLANG_ENABLE_MODULES = YES;
				CLANG_ENABLE_OBJC_ARC = YES;
				CLANG_ENABLE_OBJC_WEAK = YES;
				CLANG_WARN_BLOCK_CAPTURE_AUTORELEASING = YES;
				CLANG_WARN_BOOL_CONVERSION = YES;
				CLANG_WARN_COMMA = YES;
				CLANG_WARN_CONSTANT_CONVERSION = YES;
				CLANG_WARN_DEPRECATED_OBJC_IMPLEMENTATIONS = YES;
				CLANG_WARN_DIRECT_OBJC_ISA_USAGE = YES_ERROR;
				CLANG_WARN_DOCUMENTATION_COMMENTS = YES;
				CLANG_WARN_EMPTY_BODY = YES;
				CLANG_WARN_ENUM_CONVERSION = YES;
				CLANG_WARN_INFINITE_RECURSION = YES;
				CLANG_WARN_INT_CONVERSION = YES;
				CLANG_WARN_NON_LITERAL_NULL_CONVERSION = YES;
				CLANG_WARN_OBJC_IMPLICIT_RETAIN_SELF = YES;
				CLANG_WARN_OBJC_LITERAL_CONVERSION = YES;
				CLANG_WARN_OBJC_ROOT_CLASS = YES_ERROR;
				CLANG_WARN_RANGE_LOOP_ANALYSIS = YES;
				CLANG_WARN_STRICT_PROTOTYPES = YES;
				CLANG_WARN_SUSPICIOUS_MOVE = YES;
				CLANG_WARN_UNGUARDED_AVAILABILITY = YES_AGGRESSIVE;
				CLANG_WARN_UNREACHABLE_CODE = YES;
				CLANG_WARN__DUPLICATE_METHOD_MATCH = YES;
				CODE_SIGN_IDENTITY = "iPhone Developer";
				COPY_PHASE_STRIP = NO;
				DEBUG_INFORMATION_FORMAT = dwarf;
				ENABLE_STRICT_OBJC_MSGSEND = YES;
				ENABLE_TESTABILITY = YES;
				GCC_C_LANGUAGE_STANDARD = gnu11;
				GCC_DYNAMIC_NO_PIC = NO;
				GCC_NO_COMMON_BLOCKS = YES;
				GCC_OPTIMIZATION_LEVEL = 0;
				GCC_PREPROCESSOR_DEFINITIONS = (
					"DEBUG=1",
					"$(inherited)",
				);
				GCC_WARN_64_TO_32_BIT_CONVERSION = YES;
				GCC_WARN_ABOUT_RETURN_TYPE = YES_ERROR;
				GCC_WARN_UNDECLARED_SELECTOR = YES;
				GCC_WARN_UNINITIALIZED_AUTOS = YES_AGGRESSIVE;
				GCC_WARN_UNUSED_FUNCTION = YES;
				GCC_WARN_UNUSED_VARIABLE = YES;
				IPHONEOS_DEPLOYMENT_TARGET = 12.1;
				MTL_ENABLE_DEBUG_INFO = INCLUDE_SOURCE;
				MTL_FAST_MATH = YES;
				ONLY_ACTIVE_ARCH = YES;
				SDKROOT = iphoneos;
				SWIFT_ACTIVE_COMPILATION_CONDITIONS = DEBUG;
				SWIFT_OPTIMIZATION_LEVEL = "-Onone";
			};
			name = Debug;
		};
		345E5CD22252CCBA00AAC6A1 /* Release */ = {
			isa = XCBuildConfiguration;
			buildSettings = {
				ALWAYS_SEARCH_USER_PATHS = NO;
				CLANG_ANALYZER_NONNULL = YES;
				CLANG_ANALYZER_NUMBER_OBJECT_CONVERSION = YES_AGGRESSIVE;
				CLANG_CXX_LANGUAGE_STANDARD = "gnu++14";
				CLANG_CXX_LIBRARY = "libc++";
				CLANG_ENABLE_MODULES = YES;
				CLANG_ENABLE_OBJC_ARC = YES;
				CLANG_ENABLE_OBJC_WEAK = YES;
				CLANG_WARN_BLOCK_CAPTURE_AUTORELEASING = YES;
				CLANG_WARN_BOOL_CONVERSION = YES;
				CLANG_WARN_COMMA = YES;
				CLANG_WARN_CONSTANT_CONVERSION = YES;
				CLANG_WARN_DEPRECATED_OBJC_IMPLEMENTATIONS = YES;
				CLANG_WARN_DIRECT_OBJC_ISA_USAGE = YES_ERROR;
				CLANG_WARN_DOCUMENTATION_COMMENTS = YES;
				CLANG_WARN_EMPTY_BODY = YES;
				CLANG_WARN_ENUM_CONVERSION = YES;
				CLANG_WARN_INFINITE_RECURSION = YES;
				CLANG_WARN_INT_CONVERSION = YES;
				CLANG_WARN_NON_LITERAL_NULL_CONVERSION = YES;
				CLANG_WARN_OBJC_IMPLICIT_RETAIN_SELF = YES;
				CLANG_WARN_OBJC_LITERAL_CONVERSION = YES;
				CLANG_WARN_OBJC_ROOT_CLASS = YES_ERROR;
				CLANG_WARN_RANGE_LOOP_ANALYSIS = YES;
				CLANG_WARN_STRICT_PROTOTYPES = YES;
				CLANG_WARN_SUSPICIOUS_MOVE = YES;
				CLANG_WARN_UNGUARDED_AVAILABILITY = YES_AGGRESSIVE;
				CLANG_WARN_UNREACHABLE_CODE = YES;
				CLANG_WARN__DUPLICATE_METHOD_MATCH = YES;
				CODE_SIGN_IDENTITY = "iPhone Developer";
				COPY_PHASE_STRIP = NO;
				DEBUG_INFORMATION_FORMAT = "dwarf-with-dsym";
				ENABLE_NS_ASSERTIONS = NO;
				ENABLE_STRICT_OBJC_MSGSEND = YES;
				GCC_C_LANGUAGE_STANDARD = gnu11;
				GCC_NO_COMMON_BLOCKS = YES;
				GCC_WARN_64_TO_32_BIT_CONVERSION = YES;
				GCC_WARN_ABOUT_RETURN_TYPE = YES_ERROR;
				GCC_WARN_UNDECLARED_SELECTOR = YES;
				GCC_WARN_UNINITIALIZED_AUTOS = YES_AGGRESSIVE;
				GCC_WARN_UNUSED_FUNCTION = YES;
				GCC_WARN_UNUSED_VARIABLE = YES;
				IPHONEOS_DEPLOYMENT_TARGET = 12.1;
				MTL_ENABLE_DEBUG_INFO = NO;
				MTL_FAST_MATH = YES;
				SDKROOT = iphoneos;
				SWIFT_COMPILATION_MODE = wholemodule;
				SWIFT_OPTIMIZATION_LEVEL = "-O";
				VALIDATE_PRODUCT = YES;
			};
			name = Release;
		};
		345E5CD42252CCBA00AAC6A1 /* Debug */ = {
			isa = XCBuildConfiguration;
			buildSettings = {
				CODE_SIGN_STYLE = Automatic;
				OTHER_LDFLAGS = "-ObjC";
				PRODUCT_NAME = "$(TARGET_NAME)";
				SKIP_INSTALL = YES;
				SWIFT_VERSION = 4.2;
				TARGETED_DEVICE_FAMILY = "1,2";
			};
			name = Debug;
		};
		345E5CD52252CCBA00AAC6A1 /* Release */ = {
			isa = XCBuildConfiguration;
			buildSettings = {
				CODE_SIGN_STYLE = Automatic;
				OTHER_LDFLAGS = "-ObjC";
				PRODUCT_NAME = "$(TARGET_NAME)";
				SKIP_INSTALL = YES;
				SWIFT_VERSION = 4.2;
				TARGETED_DEVICE_FAMILY = "1,2";
			};
			name = Release;
		};
		345E5CE42252CCF700AAC6A1 /* Debug */ = {
			isa = XCBuildConfiguration;
			buildSettings = {
				CODE_SIGN_STYLE = Automatic;
				INFOPLIST_FILE = Tests/Info.plist;
				LD_RUNPATH_SEARCH_PATHS = (
					"$(inherited)",
					"@executable_path/Frameworks",
					"@loader_path/Frameworks",
				);
				PRODUCT_BUNDLE_IDENTIFIER = Impl.Tests;
				PRODUCT_NAME = "$(TARGET_NAME)";
				SWIFT_VERSION = 4.2;
				TARGETED_DEVICE_FAMILY = "1,2";
			};
			name = Debug;
		};
		345E5CE52252CCF700AAC6A1 /* Release */ = {
			isa = XCBuildConfiguration;
			buildSettings = {
				CODE_SIGN_STYLE = Automatic;
				INFOPLIST_FILE = Tests/Info.plist;
				LD_RUNPATH_SEARCH_PATHS = (
					"$(inherited)",
					"@executable_path/Frameworks",
					"@loader_path/Frameworks",
				);
				PRODUCT_BUNDLE_IDENTIFIER = Impl.Tests;
				PRODUCT_NAME = "$(TARGET_NAME)";
				SWIFT_VERSION = 4.2;
				TARGETED_DEVICE_FAMILY = "1,2";
			};
			name = Release;
		};
		345E5D032252D02C00AAC6A1 /* Debug */ = {
			isa = XCBuildConfiguration;
			buildSettings = {
				ASSETCATALOG_COMPILER_APPICON_NAME = AppIcon;
				CODE_SIGN_STYLE = Automatic;
				DEVELOPMENT_TEAM = X24R65DM8E;
				INFOPLIST_FILE = Example/Info.plist;
				LD_RUNPATH_SEARCH_PATHS = (
					"$(inherited)",
					"@executable_path/Frameworks",
				);
				PRODUCT_BUNDLE_IDENTIFIER = Impl.AvatarHashView.Example;
				PRODUCT_NAME = "$(TARGET_NAME)";
				SWIFT_VERSION = 4.2;
				TARGETED_DEVICE_FAMILY = "1,2";
			};
			name = Debug;
		};
		345E5D042252D02C00AAC6A1 /* Release */ = {
			isa = XCBuildConfiguration;
			buildSettings = {
				ASSETCATALOG_COMPILER_APPICON_NAME = AppIcon;
				CODE_SIGN_STYLE = Automatic;
				DEVELOPMENT_TEAM = X24R65DM8E;
				INFOPLIST_FILE = Example/Info.plist;
				LD_RUNPATH_SEARCH_PATHS = (
					"$(inherited)",
					"@executable_path/Frameworks",
				);
				PRODUCT_BUNDLE_IDENTIFIER = Impl.AvatarHashView.Example;
				PRODUCT_NAME = "$(TARGET_NAME)";
				SWIFT_VERSION = 4.2;
				TARGETED_DEVICE_FAMILY = "1,2";
			};
			name = Release;
		};
/* End XCBuildConfiguration section */

/* Begin XCConfigurationList section */
		345E5CC72252CCBA00AAC6A1 /* Build configuration list for PBXProject "AvatarHashView" */ = {
			isa = XCConfigurationList;
			buildConfigurations = (
				345E5CD12252CCBA00AAC6A1 /* Debug */,
				345E5CD22252CCBA00AAC6A1 /* Release */,
			);
			defaultConfigurationIsVisible = 0;
			defaultConfigurationName = Release;
		};
		345E5CD32252CCBA00AAC6A1 /* Build configuration list for PBXNativeTarget "AvatarHashView" */ = {
			isa = XCConfigurationList;
			buildConfigurations = (
				345E5CD42252CCBA00AAC6A1 /* Debug */,
				345E5CD52252CCBA00AAC6A1 /* Release */,
			);
			defaultConfigurationIsVisible = 0;
			defaultConfigurationName = Release;
		};
		345E5CE32252CCF700AAC6A1 /* Build configuration list for PBXNativeTarget "Tests" */ = {
			isa = XCConfigurationList;
			buildConfigurations = (
				345E5CE42252CCF700AAC6A1 /* Debug */,
				345E5CE52252CCF700AAC6A1 /* Release */,
			);
			defaultConfigurationIsVisible = 0;
			defaultConfigurationName = Release;
		};
		345E5D022252D02C00AAC6A1 /* Build configuration list for PBXNativeTarget "Example" */ = {
			isa = XCConfigurationList;
			buildConfigurations = (
				345E5D032252D02C00AAC6A1 /* Debug */,
				345E5D042252D02C00AAC6A1 /* Release */,
			);
			defaultConfigurationIsVisible = 0;
			defaultConfigurationName = Release;
		};
/* End XCConfigurationList section */
	};
	rootObject = 345E5CC42252CCBA00AAC6A1 /* Project object */;
}
